
Microsoft Visual Studio Solution File, Format Version 12.00
# Visual Studio 15
VisualStudioVersion = 15.0.27130.2027
MinimumVisualStudioVersion = 10.0.40219.1
Project("{FAE04EC0-301F-11D3-BF4B-00C04F79EFBC}") = "HW-02", "HW-02\HW-02.csproj", "{DC40A934-E12D-44A8-8056-0CE11E4FD088}"
EndProject
Global
	GlobalSection(SolutionConfigurationPlatforms) = preSolution
		Debug|Any CPU = Debug|Any CPU
		Release|Any CPU = Release|Any CPU
	EndGlobalSection
	GlobalSection(ProjectConfigurationPlatforms) = postSolution
		{DC40A934-E12D-44A8-8056-0CE11E4FD088}.Debug|Any CPU.ActiveCfg = Debug|Any CPU
		{DC40A934-E12D-44A8-8056-0CE11E4FD088}.Debug|Any CPU.Build.0 = Debug|Any CPU
		{DC40A934-E12D-44A8-8056-0CE11E4FD088}.Release|Any CPU.ActiveCfg = Release|Any CPU
		{DC40A934-E12D-44A8-8056-0CE11E4FD088}.Release|Any CPU.Build.0 = Release|Any CPU
	EndGlobalSection
	GlobalSection(SolutionProperties) = preSolution
		HideSolutionNode = FALSE
	EndGlobalSection
	GlobalSection(ExtensibilityGlobals) = postSolution
		SolutionGuid = {ADBE1E5A-E966-4FF9-8C2B-64E812F285CA}
	EndGlobalSection
EndGlobal
